// !$*UTF8*$!
{
	archiveVersion = 1;
	classes = {
	};
	objectVersion = 77;
	objects = {

/* Begin PBXContainerItemProxy section */
		18C6BBDD2E5EC4E8001680F4 /* PBXContainerItemProxy */ = {
			isa = PBXContainerItemProxy;
			containerPortal = 18C6BBBE2E5EC4E7001680F4 /* Project object */;
			proxyType = 1;
			remoteGlobalIDString = 18C6BBC52E5EC4E7001680F4;
			remoteInfo = ComplexInput;
		};
		18C6BBE72E5EC4E8001680F4 /* PBXContainerItemProxy */ = {
			isa = PBXContainerItemProxy;
			containerPortal = 18C6BBBE2E5EC4E7001680F4 /* Project object */;
			proxyType = 1;
			remoteGlobalIDString = 18C6BBC52E5EC4E7001680F4;
			remoteInfo = ComplexInput;
		};
/* End PBXContainerItemProxy section */

/* Begin PBXFileReference section */
		18C6BBC62E5EC4E7001680F4 /* ComplexInput.app */ = {isa = PBXFileReference; explicitFileType = wrapper.application; includeInIndex = 0; path = ComplexInput.app; sourceTree = BUILT_PRODUCTS_DIR; };
		18C6BBDC2E5EC4E8001680F4 /* ComplexInputTests.xctest */ = {isa = PBXFileReference; explicitFileType = wrapper.cfbundle; includeInIndex = 0; path = ComplexInputTests.xctest; sourceTree = BUILT_PRODUCTS_DIR; };
		18C6BBE62E5EC4E8001680F4 /* ComplexInputUITests.xctest */ = {isa = PBXFileReference; explicitFileType = wrapper.cfbundle; includeInIndex = 0; path = ComplexInputUITests.xctest; sourceTree = BUILT_PRODUCTS_DIR; };
/* End PBXFileReference section */

/* Begin PBXFileSystemSynchronizedBuildFileExceptionSet section */
		18C6BBEE2E5EC4E8001680F4 /* Exceptions for "ComplexInput" folder in "ComplexInput" target */ = {
			isa = PBXFileSystemSynchronizedBuildFileExceptionSet;
			membershipExceptions = (
				Info.plist,
			);
			target = 18C6BBC52E5EC4E7001680F4 /* ComplexInput */;
		};
/* End PBXFileSystemSynchronizedBuildFileExceptionSet section */

/* Begin PBXFileSystemSynchronizedRootGroup section */
		18C6BBC82E5EC4E7001680F4 /* ComplexInput */ = {
			isa = PBXFileSystemSynchronizedRootGroup;
			exceptions = (
				18C6BBEE2E5EC4E8001680F4 /* Exceptions for "ComplexInput" folder in "ComplexInput" target */,
			);
			path = ComplexInput;
			sourceTree = "<group>";
		};
		18C6BBDF2E5EC4E8001680F4 /* ComplexInputTests */ = {
			isa = PBXFileSystemSynchronizedRootGroup;
			path = ComplexInputTests;
			sourceTree = "<group>";
		};
		18C6BBE92E5EC4E8001680F4 /* ComplexInputUITests */ = {
			isa = PBXFileSystemSynchronizedRootGroup;
			path = ComplexInputUITests;
			sourceTree = "<group>";
		};
/* End PBXFileSystemSynchronizedRootGroup section */

/* Begin PBXFrameworksBuildPhase section */
		18C6BBC32E5EC4E7001680F4 /* Frameworks */ = {
			isa = PBXFrameworksBuildPhase;
			buildActionMask = 2147483647;
			files = (
			);
			runOnlyForDeploymentPostprocessing = 0;
		};
		18C6BBD92E5EC4E8001680F4 /* Frameworks */ = {
			isa = PBXFrameworksBuildPhase;
			buildActionMask = 2147483647;
			files = (
			);
			runOnlyForDeploymentPostprocessing = 0;
		};
		18C6BBE32E5EC4E8001680F4 /* Frameworks */ = {
			isa = PBXFrameworksBuildPhase;
			buildActionMask = 2147483647;
			files = (
			);
			runOnlyForDeploymentPostprocessing = 0;
		};
/* End PBXFrameworksBuildPhase section */

/* Begin PBXGroup section */
		18C6BBBD2E5EC4E7001680F4 = {
			isa = PBXGroup;
			children = (
				18C6BBC82E5EC4E7001680F4 /* ComplexInput */,
				18C6BBDF2E5EC4E8001680F4 /* ComplexInputTests */,
				18C6BBE92E5EC4E8001680F4 /* ComplexInputUITests */,
				18C6BBC72E5EC4E7001680F4 /* Products */,
			);
			sourceTree = "<group>";
		};
		18C6BBC72E5EC4E7001680F4 /* Products */ = {
			isa = PBXGroup;
			children = (
				18C6BBC62E5EC4E7001680F4 /* ComplexInput.app */,
				18C6BBDC2E5EC4E8001680F4 /* ComplexInputTests.xctest */,
				18C6BBE62E5EC4E8001680F4 /* ComplexInputUITests.xctest */,
			);
			name = Products;
			sourceTree = "<group>";
		};
/* End PBXGroup section */

/* Begin PBXNativeTarget section */
		18C6BBC52E5EC4E7001680F4 /* ComplexInput */ = {
			isa = PBXNativeTarget;
			buildConfigurationList = 18C6BBEF2E5EC4E8001680F4 /* Build configuration list for PBXNativeTarget "ComplexInput" */;
			buildPhases = (
				18C6BBC22E5EC4E7001680F4 /* Sources */,
				18C6BBC32E5EC4E7001680F4 /* Frameworks */,
				18C6BBC42E5EC4E7001680F4 /* Resources */,
			);
			buildRules = (
			);
			dependencies = (
			);
			fileSystemSynchronizedGroups = (
				18C6BBC82E5EC4E7001680F4 /* ComplexInput */,
			);
			name = ComplexInput;
			packageProductDependencies = (
			);
			productName = ComplexInput;
			productReference = 18C6BBC62E5EC4E7001680F4 /* ComplexInput.app */;
			productType = "com.apple.product-type.application";
		};
		18C6BBDB2E5EC4E8001680F4 /* ComplexInputTests */ = {
			isa = PBXNativeTarget;
			buildConfigurationList = 18C6BBF42E5EC4E8001680F4 /* Build configuration list for PBXNativeTarget "ComplexInputTests" */;
			buildPhases = (
				18C6BBD82E5EC4E8001680F4 /* Sources */,
				18C6BBD92E5EC4E8001680F4 /* Frameworks */,
				18C6BBDA2E5EC4E8001680F4 /* Resources */,
			);
			buildRules = (
			);
			dependencies = (
				18C6BBDE2E5EC4E8001680F4 /* PBXTargetDependency */,
			);
			fileSystemSynchronizedGroups = (
				18C6BBDF2E5EC4E8001680F4 /* ComplexInputTests */,
			);
			name = ComplexInputTests;
			packageProductDependencies = (
			);
			productName = ComplexInputTests;
			productReference = 18C6BBDC2E5EC4E8001680F4 /* ComplexInputTests.xctest */;
			productType = "com.apple.product-type.bundle.unit-test";
		};
		18C6BBE52E5EC4E8001680F4 /* ComplexInputUITests */ = {
			isa = PBXNativeTarget;
			buildConfigurationList = 18C6BBF72E5EC4E8001680F4 /* Build configuration list for PBXNativeTarget "ComplexInputUITests" */;
			buildPhases = (
				18C6BBE22E5EC4E8001680F4 /* Sources */,
				18C6BBE32E5EC4E8001680F4 /* Frameworks */,
				18C6BBE42E5EC4E8001680F4 /* Resources */,
			);
			buildRules = (
			);
			dependencies = (
				18C6BBE82E5EC4E8001680F4 /* PBXTargetDependency */,
			);
			fileSystemSynchronizedGroups = (
				18C6BBE92E5EC4E8001680F4 /* ComplexInputUITests */,
			);
			name = ComplexInputUITests;
			packageProductDependencies = (
			);
			productName = ComplexInputUITests;
			productReference = 18C6BBE62E5EC4E8001680F4 /* ComplexInputUITests.xctest */;
			productType = "com.apple.product-type.bundle.ui-testing";
		};
/* End PBXNativeTarget section */

/* Begin PBXProject section */
		18C6BBBE2E5EC4E7001680F4 /* Project object */ = {
			isa = PBXProject;
			attributes = {
				BuildIndependentTargetsInParallel = 1;
				LastSwiftUpdateCheck = 1640;
				LastUpgradeCheck = 1640;
				TargetAttributes = {
					18C6BBC52E5EC4E7001680F4 = {
						CreatedOnToolsVersion = 16.4;
					};
					18C6BBDB2E5EC4E8001680F4 = {
						CreatedOnToolsVersion = 16.4;
						TestTargetID = 18C6BBC52E5EC4E7001680F4;
					};
					18C6BBE52E5EC4E8001680F4 = {
						CreatedOnToolsVersion = 16.4;
						TestTargetID = 18C6BBC52E5EC4E7001680F4;
					};
				};
			};
			buildConfigurationList = 18C6BBC12E5EC4E7001680F4 /* Build configuration list for PBXProject "ComplexInput" */;
			developmentRegion = en;
			hasScannedForEncodings = 0;
			knownRegions = (
				en,
				Base,
			);
			mainGroup = 18C6BBBD2E5EC4E7001680F4;
			minimizedProjectReferenceProxies = 1;
			preferredProjectObjectVersion = 77;
			productRefGroup = 18C6BBC72E5EC4E7001680F4 /* Products */;
			projectDirPath = "";
			projectRoot = "";
			targets = (
				18C6BBC52E5EC4E7001680F4 /* ComplexInput */,
				18C6BBDB2E5EC4E8001680F4 /* ComplexInputTests */,
				18C6BBE52E5EC4E8001680F4 /* ComplexInputUITests */,
			);
		};
/* End PBXProject section */

/* Begin PBXResourcesBuildPhase section */
		18C6BBC42E5EC4E7001680F4 /* Resources */ = {
			isa = PBXResourcesBuildPhase;
			buildActionMask = 2147483647;
			files = (
			);
			runOnlyForDeploymentPostprocessing = 0;
		};
		18C6BBDA2E5EC4E8001680F4 /* Resources */ = {
			isa = PBXResourcesBuildPhase;
			buildActionMask = 2147483647;
			files = (
			);
			runOnlyForDeploymentPostprocessing = 0;
		};
		18C6BBE42E5EC4E8001680F4 /* Resources */ = {
			isa = PBXResourcesBuildPhase;
			buildActionMask = 2147483647;
			files = (
			);
			runOnlyForDeploymentPostprocessing = 0;
		};
/* End PBXResourcesBuildPhase section */

/* Begin PBXSourcesBuildPhase section */
		18C6BBC22E5EC4E7001680F4 /* Sources */ = {
			isa = PBXSourcesBuildPhase;
			buildActionMask = 2147483647;
			files = (
			);
			runOnlyForDeploymentPostprocessing = 0;
		};
		18C6BBD82E5EC4E8001680F4 /* Sources */ = {
			isa = PBXSourcesBuildPhase;
			buildActionMask = 2147483647;
			files = (
			);
			runOnlyForDeploymentPostprocessing = 0;
		};
		18C6BBE22E5EC4E8001680F4 /* Sources */ = {
			isa = PBXSourcesBuildPhase;
			buildActionMask = 2147483647;
			files = (
			);
			runOnlyForDeploymentPostprocessing = 0;
		};
/* End PBXSourcesBuildPhase section */

/* Begin PBXTargetDependency section */
		18C6BBDE2E5EC4E8001680F4 /* PBXTargetDependency */ = {
			isa = PBXTargetDependency;
			target = 18C6BBC52E5EC4E7001680F4 /* ComplexInput */;
			targetProxy = 18C6BBDD2E5EC4E8001680F4 /* PBXContainerItemProxy */;
		};
		18C6BBE82E5EC4E8001680F4 /* PBXTargetDependency */ = {
			isa = PBXTargetDependency;
			target = 18C6BBC52E5EC4E7001680F4 /* ComplexInput */;
			targetProxy = 18C6BBE72E5EC4E8001680F4 /* PBXContainerItemProxy */;
		};
/* End PBXTargetDependency section */

/* Begin XCBuildConfiguration section */
		18C6BBF02E5EC4E8001680F4 /* Debug */ = {
			isa = XCBuildConfiguration;
			buildSettings = {
				ASSETCATALOG_COMPILER_APPICON_NAME = AppIcon;
				ASSETCATALOG_COMPILER_GLOBAL_ACCENT_COLOR_NAME = AccentColor;
				CODE_SIGN_STYLE = Automatic;
				CURRENT_PROJECT_VERSION = 1;
				GENERATE_INFOPLIST_FILE = YES;
				INFOPLIST_FILE = ComplexInput/Info.plist;
				INFOPLIST_KEY_UIApplicationSupportsIndirectInputEvents = YES;
				INFOPLIST_KEY_UILaunchStoryboardName = LaunchScreen;
				INFOPLIST_KEY_UIMainStoryboardFile = Main;
				INFOPLIST_KEY_UISupportedInterfaceOrientations_iPad = "UIInterfaceOrientationPortrait UIInterfaceOrientationPortraitUpsideDown UIInterfaceOrientationLandscapeLeft UIInterfaceOrientationLandscapeRight";
				INFOPLIST_KEY_UISupportedInterfaceOrientations_iPhone = "UIInterfaceOrientationPortrait UIInterfaceOrientationLandscapeLeft UIInterfaceOrientationLandscapeRight";
				LD_RUNPATH_SEARCH_PATHS = (
					"$(inherited)",
					"@executable_path/Frameworks",
				);
				MARKETING_VERSION = 1.0;
				PRODUCT_BUNDLE_IDENTIFIER = Simran.ComplexInput;
				PRODUCT_NAME = "$(TARGET_NAME)";
				SWIFT_EMIT_LOC_STRINGS = YES;
				SWIFT_VERSION = 5.0;
				TARGETED_DEVICE_FAMILY = "1,2";
			};
			name = Debug;
		};
		18C6BBF12E5EC4E8001680F4 /* Release */ = {
			isa = XCBuildConfiguration;
			buildSettings = {
				ASSETCATALOG_COMPILER_APPICON_NAME = AppIcon;
				ASSETCATALOG_COMPILER_GLOBAL_ACCENT_COLOR_NAME = AccentColor;
				CODE_SIGN_STYLE = Automatic;
				CURRENT_PROJECT_VERSION = 1;
				GENERATE_INFOPLIST_FILE = YES;
				INFOPLIST_FILE = ComplexInput/Info.plist;
				INFOPLIST_KEY_UIApplicationSupportsIndirectInputEvents = YES;
				INFOPLIST_KEY_UILaunchStoryboardName = LaunchScreen;
				INFOPLIST_KEY_UIMainStoryboardFile = Main;
				INFOPLIST_KEY_UISupportedInterfaceOrientations_iPad = "UIInterfaceOrientationPortrait UIInterfaceOrientationPortraitUpsideDown UIInterfaceOrientationLandscapeLeft UIInterfaceOrientationLandscapeRight";
				INFOPLIST_KEY_UISupportedInterfaceOrientations_iPhone = "UIInterfaceOrientationPortrait UIInterfaceOrientationLandscapeLeft UIInterfaceOrientationLandscapeRight";
				LD_RUNPATH_SEARCH_PATHS = (
					"$(inherited)",
					"@executable_path/Frameworks",
				);
				MARKETING_VERSION = 1.0;
				PRODUCT_BUNDLE_IDENTIFIER = Simran.ComplexInput;
				PRODUCT_NAME = "$(TARGET_NAME)";
				SWIFT_EMIT_LOC_STRINGS = YES;
				SWIFT_VERSION = 5.0;
				TARGETED_DEVICE_FAMILY = "1,2";
			};
			name = Release;
		};
		18C6BBF22E5EC4E8001680F4 /* Debug */ = {
			isa = XCBuildConfiguration;
			buildSettings = {
				ALWAYS_SEARCH_USER_PATHS = NO;
				ASSETCATALOG_COMPILER_GENERATE_SWIFT_ASSET_SYMBOL_EXTENSIONS = YES;
				CLANG_ANALYZER_NONNULL = YES;
				CLANG_ANALYZER_NUMBER_OBJECT_CONVERSION = YES_AGGRESSIVE;
				CLANG_CXX_LANGUAGE_STANDARD = "gnu++20";
				CLANG_ENABLE_MODULES = YES;
				CLANG_ENABLE_OBJC_ARC = YES;
				CLANG_ENABLE_OBJC_WEAK = YES;
				CLANG_WARN_BLOCK_CAPTURE_AUTORELEASING = YES;
				CLANG_WARN_BOOL_CONVERSION = YES;
				CLANG_WARN_COMMA = YES;
				CLANG_WARN_CONSTANT_CONVERSION = YES;
				CLANG_WARN_DEPRECATED_OBJC_IMPLEMENTATIONS = YES;
				CLANG_WARN_DIRECT_OBJC_ISA_USAGE = YES_ERROR;
				CLANG_WARN_DOCUMENTATION_COMMENTS = YES;
				CLANG_WARN_EMPTY_BODY = YES;
				CLANG_WARN_ENUM_CONVERSION = YES;
				CLANG_WARN_INFINITE_RECURSION = YES;
				CLANG_WARN_INT_CONVERSION = YES;
				CLANG_WARN_NON_LITERAL_NULL_CONVERSION = YES;
				CLANG_WARN_OBJC_IMPLICIT_RETAIN_SELF = YES;
				CLANG_WARN_OBJC_LITERAL_CONVERSION = YES;
				CLANG_WARN_OBJC_ROOT_CLASS = YES_ERROR;
				CLANG_WARN_QUOTED_INCLUDE_IN_FRAMEWORK_HEADER = YES;
				CLANG_WARN_RANGE_LOOP_ANALYSIS = YES;
				CLANG_WARN_STRICT_PROTOTYPES = YES;
				CLANG_WARN_SUSPICIOUS_MOVE = YES;
				CLANG_WARN_UNGUARDED_AVAILABILITY = YES_AGGRESSIVE;
				CLANG_WARN_UNREACHABLE_CODE = YES;
				CLANG_WARN__DUPLICATE_METHOD_MATCH = YES;
				COPY_PHASE_STRIP = NO;
				DEBUG_INFORMATION_FORMAT = dwarf;
				ENABLE_STRICT_OBJC_MSGSEND = YES;
				ENABLE_TESTABILITY = YES;
				ENABLE_USER_SCRIPT_SANDBOXING = YES;
				GCC_C_LANGUAGE_STANDARD = gnu17;
				GCC_DYNAMIC_NO_PIC = NO;
				GCC_NO_COMMON_BLOCKS = YES;
				GCC_OPTIMIZATION_LEVEL = 0;
				GCC_PREPROCESSOR_DEFINITIONS = (
					"DEBUG=1",
					"$(inherited)",
				);
				GCC_WARN_64_TO_32_BIT_CONVERSION = YES;
				GCC_WARN_ABOUT_RETURN_TYPE = YES_ERROR;
				GCC_WARN_UNDECLARED_SELECTOR = YES;
				GCC_WARN_UNINITIALIZED_AUTOS = YES_AGGRESSIVE;
				GCC_WARN_UNUSED_FUNCTION = YES;
				GCC_WARN_UNUSED_VARIABLE = YES;
				IPHONEOS_DEPLOYMENT_TARGET = 18.5;
				LOCALIZATION_PREFERS_STRING_CATALOGS = YES;
				MTL_ENABLE_DEBUG_INFO = INCLUDE_SOURCE;
				MTL_FAST_MATH = YES;
				ONLY_ACTIVE_ARCH = YES;
				SDKROOT = iphoneos;
				SWIFT_ACTIVE_COMPILATION_CONDITIONS = "DEBUG $(inherited)";
				SWIFT_OPTIMIZATION_LEVEL = "-Onone";
			};
			name = Debug;
		};
		18C6BBF32E5EC4E8001680F4 /* Release */ = {
			isa = XCBuildConfiguration;
			buildSettings = {
				ALWAYS_SEARCH_USER_PATHS = NO;
				ASSETCATALOG_COMPILER_GENERATE_SWIFT_ASSET_SYMBOL_EXTENSIONS = YES;
				CLANG_ANALYZER_NONNULL = YES;
				CLANG_ANALYZER_NUMBER_OBJECT_CONVERSION = YES_AGGRESSIVE;
				CLANG_CXX_LANGUAGE_STANDARD = "gnu++20";
				CLANG_ENABLE_MODULES = YES;
				CLANG_ENABLE_OBJC_ARC = YES;
				CLANG_ENABLE_OBJC_WEAK = YES;
				CLANG_WARN_BLOCK_CAPTURE_AUTORELEASING = YES;
				CLANG_WARN_BOOL_CONVERSION = YES;
				CLANG_WARN_COMMA = YES;
				CLANG_WARN_CONSTANT_CONVERSION = YES;
				CLANG_WARN_DEPRECATED_OBJC_IMPLEMENTATIONS = YES;
				CLANG_WARN_DIRECT_OBJC_ISA_USAGE = YES_ERROR;
				CLANG_WARN_DOCUMENTATION_COMMENTS = YES;
				CLANG_WARN_EMPTY_BODY = YES;
				CLANG_WARN_ENUM_CONVERSION = YES;
				CLANG_WARN_INFINITE_RECURSION = YES;
				CLANG_WARN_INT_CONVERSION = YES;
				CLANG_WARN_NON_LITERAL_NULL_CONVERSION = YES;
				CLANG_WARN_OBJC_IMPLICIT_RETAIN_SELF = YES;
				CLANG_WARN_OBJC_LITERAL_CONVERSION = YES;
				CLANG_WARN_OBJC_ROOT_CLASS = YES_ERROR;
				CLANG_WARN_QUOTED_INCLUDE_IN_FRAMEWORK_HEADER = YES;
				CLANG_WARN_RANGE_LOOP_ANALYSIS = YES;
				CLANG_WARN_STRICT_PROTOTYPES = YES;
				CLANG_WARN_SUSPICIOUS_MOVE = YES;
				CLANG_WARN_UNGUARDED_AVAILABILITY = YES_AGGRESSIVE;
				CLANG_WARN_UNREACHABLE_CODE = YES;
				CLANG_WARN__DUPLICATE_METHOD_MATCH = YES;
				COPY_PHASE_STRIP = NO;
				DEBUG_INFORMATION_FORMAT = "dwarf-with-dsym";
				ENABLE_NS_ASSERTIONS = NO;
				ENABLE_STRICT_OBJC_MSGSEND = YES;
				ENABLE_USER_SCRIPT_SANDBOXING = YES;
				GCC_C_LANGUAGE_STANDARD = gnu17;
				GCC_NO_COMMON_BLOCKS = YES;
				GCC_WARN_64_TO_32_BIT_CONVERSION = YES;
				GCC_WARN_ABOUT_RETURN_TYPE = YES_ERROR;
				GCC_WARN_UNDECLARED_SELECTOR = YES;
				GCC_WARN_UNINITIALIZED_AUTOS = YES_AGGRESSIVE;
				GCC_WARN_UNUSED_FUNCTION = YES;
				GCC_WARN_UNUSED_VARIABLE = YES;
				IPHONEOS_DEPLOYMENT_TARGET = 18.5;
				LOCALIZATION_PREFERS_STRING_CATALOGS = YES;
				MTL_ENABLE_DEBUG_INFO = NO;
				MTL_FAST_MATH = YES;
				SDKROOT = iphoneos;
				SWIFT_COMPILATION_MODE = wholemodule;
				VALIDATE_PRODUCT = YES;
			};
			name = Release;
		};
		18C6BBF52E5EC4E8001680F4 /* Debug */ = {
			isa = XCBuildConfiguration;
			buildSettings = {
				BUNDLE_LOADER = "$(TEST_HOST)";
				CODE_SIGN_STYLE = Automatic;
				CURRENT_PROJECT_VERSION = 1;
				GENERATE_INFOPLIST_FILE = YES;
				IPHONEOS_DEPLOYMENT_TARGET = 18.5;
				MARKETING_VERSION = 1.0;
				PRODUCT_BUNDLE_IDENTIFIER = Simran.ComplexInputTests;
				PRODUCT_NAME = "$(TARGET_NAME)";
				SWIFT_EMIT_LOC_STRINGS = NO;
				SWIFT_VERSION = 5.0;
				TARGETED_DEVICE_FAMILY = "1,2";
				TEST_HOST = "$(BUILT_PRODUCTS_DIR)/ComplexInput.app/$(BUNDLE_EXECUTABLE_FOLDER_PATH)/ComplexInput";
			};
			name = Debug;
		};
		18C6BBF62E5EC4E8001680F4 /* Release */ = {
			isa = XCBuildConfiguration;
			buildSettings = {
				BUNDLE_LOADER = "$(TEST_HOST)";
				CODE_SIGN_STYLE = Automatic;
				CURRENT_PROJECT_VERSION = 1;
				GENERATE_INFOPLIST_FILE = YES;
				IPHONEOS_DEPLOYMENT_TARGET = 18.5;
				MARKETING_VERSION = 1.0;
				PRODUCT_BUNDLE_IDENTIFIER = Simran.ComplexInputTests;
				PRODUCT_NAME = "$(TARGET_NAME)";
				SWIFT_EMIT_LOC_STRINGS = NO;
				SWIFT_VERSION = 5.0;
				TARGETED_DEVICE_FAMILY = "1,2";
				TEST_HOST = "$(BUILT_PRODUCTS_DIR)/ComplexInput.app/$(BUNDLE_EXECUTABLE_FOLDER_PATH)/ComplexInput";
			};
			name = Release;
		};
		18C6BBF82E5EC4E8001680F4 /* Debug */ = {
			isa = XCBuildConfiguration;
			buildSettings = {
				CODE_SIGN_STYLE = Automatic;
				CURRENT_PROJECT_VERSION = 1;
				GENERATE_INFOPLIST_FILE = YES;
				MARKETING_VERSION = 1.0;
				PRODUCT_BUNDLE_IDENTIFIER = Simran.ComplexInputUITests;
				PRODUCT_NAME = "$(TARGET_NAME)";
				SWIFT_EMIT_LOC_STRINGS = NO;
				SWIFT_VERSION = 5.0;
				TARGETED_DEVICE_FAMILY = "1,2";
				TEST_TARGET_NAME = ComplexInput;
			};
			name = Debug;
		};
		18C6BBF92E5EC4E8001680F4 /* Release */ = {
			isa = XCBuildConfiguration;
			buildSettings = {
				CODE_SIGN_STYLE = Automatic;
				CURRENT_PROJECT_VERSION = 1;
				GENERATE_INFOPLIST_FILE = YES;
				MARKETING_VERSION = 1.0;
				PRODUCT_BUNDLE_IDENTIFIER = Simran.ComplexInputUITests;
				PRODUCT_NAME = "$(TARGET_NAME)";
				SWIFT_EMIT_LOC_STRINGS = NO;
				SWIFT_VERSION = 5.0;
				TARGETED_DEVICE_FAMILY = "1,2";
				TEST_TARGET_NAME = ComplexInput;
			};
			name = Release;
		};
/* End XCBuildConfiguration section */

/* Begin XCConfigurationList section */
		18C6BBC12E5EC4E7001680F4 /* Build configuration list for PBXProject "ComplexInput" */ = {
			isa = XCConfigurationList;
			buildConfigurations = (
				18C6BBF22E5EC4E8001680F4 /* Debug */,
				18C6BBF32E5EC4E8001680F4 /* Release */,
			);
			defaultConfigurationIsVisible = 0;
			defaultConfigurationName = Release;
		};
		18C6BBEF2E5EC4E8001680F4 /* Build configuration list for PBXNativeTarget "ComplexInput" */ = {
			isa = XCConfigurationList;
			buildConfigurations = (
				18C6BBF02E5EC4E8001680F4 /* Debug */,
				18C6BBF12E5EC4E8001680F4 /* Release */,
			);
			defaultConfigurationIsVisible = 0;
			defaultConfigurationName = Release;
		};
		18C6BBF42E5EC4E8001680F4 /* Build configuration list for PBXNativeTarget "ComplexInputTests" */ = {
			isa = XCConfigurationList;
			buildConfigurations = (
				18C6BBF52E5EC4E8001680F4 /* Debug */,
				18C6BBF62E5EC4E8001680F4 /* Release */,
			);
			defaultConfigurationIsVisible = 0;
			defaultConfigurationName = Release;
		};
		18C6BBF72E5EC4E8001680F4 /* Build configuration list for PBXNativeTarget "ComplexInputUITests" */ = {
			isa = XCConfigurationList;
			buildConfigurations = (
				18C6BBF82E5EC4E8001680F4 /* Debug */,
				18C6BBF92E5EC4E8001680F4 /* Release */,
			);
			defaultConfigurationIsVisible = 0;
			defaultConfigurationName = Release;
		};
/* End XCConfigurationList section */
	};
	rootObject = 18C6BBBE2E5EC4E7001680F4 /* Project object */;
}
